
Microsoft Visual Studio Solution File, Format Version 12.00
# Visual Studio Version 17
VisualStudioVersion = 17.0.32014.148
MinimumVisualStudioVersion = 10.0.40219.1
Project("{9A19103F-16F7-4668-BE54-9A1E7A4F7556}") = "MartianRobots.Logic", "MartianRobots.Logic\MartianRobots.Logic.csproj", "{ED47308C-4F99-43F0-A82B-9BF8CE2654D3}"
EndProject
Project("{9A19103F-16F7-4668-BE54-9A1E7A4F7556}") = "MartianRobots.Logic.Tests", "MartianRobots.Logic.Tests\MartianRobots.Logic.Tests.csproj", "{2E115C57-239D-45D2-8B20-A4AC417EA47F}"
EndProject
Project("{9A19103F-16F7-4668-BE54-9A1E7A4F7556}") = "MartianRobots.Models", "MartianRobots.Models\MartianRobots.Models.csproj", "{91AE47F2-741C-44B3-9AA9-FE26811DB9DE}"
EndProject
Project("{9A19103F-16F7-4668-BE54-9A1E7A4F7556}") = "MartianRobots.Data", "MartianRobots.Data\MartianRobots.Data.csproj", "{35CB9304-CA73-4CC9-91FF-A0F5BE5BFCC0}"
EndProject
Project("{9A19103F-16F7-4668-BE54-9A1E7A4F7556}") = "MartianRobots.Api", "MartianRobots.Api\MartianRobots.Api.csproj", "{A7BC99A2-91B9-46FE-BBA0-4A0798790F96}"
EndProject
Project("{9A19103F-16F7-4668-BE54-9A1E7A4F7556}") = "MartianRobots.Analitics", "MartianRobots.Analitics\MartianRobots.Analitics.csproj", "{BA7F1FE2-F541-40CA-B0E7-C84FBEC59026}"
EndProject
Project("{9A19103F-16F7-4668-BE54-9A1E7A4F7556}") = "MartianRobots.FileHandler", "MartianRobots.FileHandler\MartianRobots.FileHandler.csproj", "{B0DD21D1-2EA2-43BB-BAAE-C9814AB0E154}"
EndProject
Global
	GlobalSection(SolutionConfigurationPlatforms) = preSolution
		Debug|Any CPU = Debug|Any CPU
		Release|Any CPU = Release|Any CPU
	EndGlobalSection
	GlobalSection(ProjectConfigurationPlatforms) = postSolution
		{ED47308C-4F99-43F0-A82B-9BF8CE2654D3}.Debug|Any CPU.ActiveCfg = Debug|Any CPU
		{ED47308C-4F99-43F0-A82B-9BF8CE2654D3}.Debug|Any CPU.Build.0 = Debug|Any CPU
		{ED47308C-4F99-43F0-A82B-9BF8CE2654D3}.Release|Any CPU.ActiveCfg = Release|Any CPU
		{ED47308C-4F99-43F0-A82B-9BF8CE2654D3}.Release|Any CPU.Build.0 = Release|Any CPU
		{2E115C57-239D-45D2-8B20-A4AC417EA47F}.Debug|Any CPU.ActiveCfg = Debug|Any CPU
		{2E115C57-239D-45D2-8B20-A4AC417EA47F}.Debug|Any CPU.Build.0 = Debug|Any CPU
		{2E115C57-239D-45D2-8B20-A4AC417EA47F}.Release|Any CPU.ActiveCfg = Release|Any CPU
		{2E115C57-239D-45D2-8B20-A4AC417EA47F}.Release|Any CPU.Build.0 = Release|Any CPU
		{91AE47F2-741C-44B3-9AA9-FE26811DB9DE}.Debug|Any CPU.ActiveCfg = Debug|Any CPU
		{91AE47F2-741C-44B3-9AA9-FE26811DB9DE}.Debug|Any CPU.Build.0 = Debug|Any CPU
		{91AE47F2-741C-44B3-9AA9-FE26811DB9DE}.Release|Any CPU.ActiveCfg = Release|Any CPU
		{91AE47F2-741C-44B3-9AA9-FE26811DB9DE}.Release|Any CPU.Build.0 = Release|Any CPU
		{35CB9304-CA73-4CC9-91FF-A0F5BE5BFCC0}.Debug|Any CPU.ActiveCfg = Debug|Any CPU
		{35CB9304-CA73-4CC9-91FF-A0F5BE5BFCC0}.Debug|Any CPU.Build.0 = Debug|Any CPU
		{35CB9304-CA73-4CC9-91FF-A0F5BE5BFCC0}.Release|Any CPU.ActiveCfg = Release|Any CPU
		{35CB9304-CA73-4CC9-91FF-A0F5BE5BFCC0}.Release|Any CPU.Build.0 = Release|Any CPU
		{A7BC99A2-91B9-46FE-BBA0-4A0798790F96}.Debug|Any CPU.ActiveCfg = Debug|Any CPU
		{A7BC99A2-91B9-46FE-BBA0-4A0798790F96}.Debug|Any CPU.Build.0 = Debug|Any CPU
		{A7BC99A2-91B9-46FE-BBA0-4A0798790F96}.Release|Any CPU.ActiveCfg = Release|Any CPU
		{A7BC99A2-91B9-46FE-BBA0-4A0798790F96}.Release|Any CPU.Build.0 = Release|Any CPU
		{BA7F1FE2-F541-40CA-B0E7-C84FBEC59026}.Debug|Any CPU.ActiveCfg = Debug|Any CPU
		{BA7F1FE2-F541-40CA-B0E7-C84FBEC59026}.Debug|Any CPU.Build.0 = Debug|Any CPU
		{BA7F1FE2-F541-40CA-B0E7-C84FBEC59026}.Release|Any CPU.ActiveCfg = Release|Any CPU
		{BA7F1FE2-F541-40CA-B0E7-C84FBEC59026}.Release|Any CPU.Build.0 = Release|Any CPU
		{B0DD21D1-2EA2-43BB-BAAE-C9814AB0E154}.Debug|Any CPU.ActiveCfg = Debug|Any CPU
		{B0DD21D1-2EA2-43BB-BAAE-C9814AB0E154}.Debug|Any CPU.Build.0 = Debug|Any CPU
		{B0DD21D1-2EA2-43BB-BAAE-C9814AB0E154}.Release|Any CPU.ActiveCfg = Release|Any CPU
		{B0DD21D1-2EA2-43BB-BAAE-C9814AB0E154}.Release|Any CPU.Build.0 = Release|Any CPU
	EndGlobalSection
	GlobalSection(SolutionProperties) = preSolution
		HideSolutionNode = FALSE
	EndGlobalSection
	GlobalSection(ExtensibilityGlobals) = postSolution
		SolutionGuid = {7EE8FF56-FBBD-4199-BB13-B8EE10AB10D4}
	EndGlobalSection
EndGlobal
